
Microsoft Visual Studio Solution File, Format Version 12.00
# Visual Studio Version 16
VisualStudioVersion = 16.0.33328.57
MinimumVisualStudioVersion = 10.0.40219.1
Project("{FAE04EC0-301F-11D3-BF4B-00C04F79EFBC}") = "FormatadorSQL", "FormatadorSQL.csproj", "{CBE76AAD-DCCC-4E8F-945A-AF67C6699873}"
EndProject
Global
	GlobalSection(SolutionConfigurationPlatforms) = preSolution
		Debug|Any CPU = Debug|Any CPU
		Release|Any CPU = Release|Any CPU
	EndGlobalSection
	GlobalSection(ProjectConfigurationPlatforms) = postSolution
		{CBE76AAD-DCCC-4E8F-945A-AF67C6699873}.Debug|Any CPU.ActiveCfg = Debug|Any CPU
		{CBE76AAD-DCCC-4E8F-945A-AF67C6699873}.Debug|Any CPU.Build.0 = Debug|Any CPU
		{CBE76AAD-DCCC-4E8F-945A-AF67C6699873}.Release|Any CPU.ActiveCfg = Release|Any CPU
		{CBE76AAD-DCCC-4E8F-945A-AF67C6699873}.Release|Any CPU.Build.0 = Release|Any CPU
	EndGlobalSection
	GlobalSection(SolutionProperties) = preSolution
		HideSolutionNode = FALSE
	EndGlobalSection
	GlobalSection(ExtensibilityGlobals) = postSolution
		SolutionGuid = {00D7D036-DDD5-490E-93C5-5EFE8037CA22}
	EndGlobalSection
EndGlobal
